
Microsoft Visual Studio Solution File, Format Version 12.00
# Visual Studio Version 16
VisualStudioVersion = 16.0.31321.278
MinimumVisualStudioVersion = 10.0.40219.1
Project("{FAE04EC0-301F-11D3-BF4B-00C04F79EFBC}") = "HazirMetot1", "HazirMetot1.csproj", "{002AC406-FEB6-480E-9304-85C61E85D25B}"
EndProject
Global
	GlobalSection(SolutionConfigurationPlatforms) = preSolution
		Debug|Any CPU = Debug|Any CPU
		Release|Any CPU = Release|Any CPU
	EndGlobalSection
	GlobalSection(ProjectConfigurationPlatforms) = postSolution
		{002AC406-FEB6-480E-9304-85C61E85D25B}.Debug|Any CPU.ActiveCfg = Debug|Any CPU
		{002AC406-FEB6-480E-9304-85C61E85D25B}.Debug|Any CPU.Build.0 = Debug|Any CPU
		{002AC406-FEB6-480E-9304-85C61E85D25B}.Release|Any CPU.ActiveCfg = Release|Any CPU
		{002AC406-FEB6-480E-9304-85C61E85D25B}.Release|Any CPU.Build.0 = Release|Any CPU
	EndGlobalSection
	GlobalSection(SolutionProperties) = preSolution
		HideSolutionNode = FALSE
	EndGlobalSection
	GlobalSection(ExtensibilityGlobals) = postSolution
		SolutionGuid = {E0B56236-DC0A-47F1-B000-B1E2C8671BF9}
	EndGlobalSection
EndGlobal
